{
  "$schema": "https://plan.ai/schemas/usb.lock.v1.json",
  "ollama": {
    "repo": "ollama/ollama",
    "version": "v0.30.6"
  },
  "openwebui": {
    "repo": "open-webui/open-webui",
    "version": "v0.9.6"
  },
  "python": "3.12.8",
  "targets": ["linux-x64", "win-x64", "mac-arm64", "mac-x64"],
  "models": []
}
