{
  "$schema": "https://plan.ai/schemas/usb.lock.v1.json",
  "ollama": {
    "repo": "ollama/ollama",
    "version": "v0.30.7"
  },
  "openwebui": {
    "repo": "open-webui/open-webui",
    "version": "v0.9.6"
  },
  "llmfit": {
    "repo": "AlexsJones/llmfit",
    "version": "v0.9.31"
  },
  "python": "3.12.13",
  "pbs_release": "20260602",
  "targets": [
    "linux-x64",
    "linux-arm64",
    "win-x64",
    "mac-arm64",
    "nixos-x64",
    "nixos-arm64"
  ],
  "models": [
    "smollm2:1.7b"
  ],
  "hermes": {
    "repo": "NousResearch/hermes-agent",
    "version": "v2026.5.16"
  }
}
